
Microsoft Visual Studio Solution File, Format Version 12.00
# Visual Studio Version 17
VisualStudioVersion = 17.8.34330.188
MinimumVisualStudioVersion = 10.0.40219.1
Project("{FAE04EC0-301F-11D3-BF4B-00C04F79EFBC}") = "FolderCleaner", "FolderCleaner\FolderCleaner.csproj", "{AB373178-1EE4-4A23-946D-EEE96A611836}"
EndProject
Global
	GlobalSection(SolutionConfigurationPlatforms) = preSolution
		Debug|Any CPU = Debug|Any CPU
		Release|Any CPU = Release|Any CPU
	EndGlobalSection
	GlobalSection(ProjectConfigurationPlatforms) = postSolution
		{AB373178-1EE4-4A23-946D-EEE96A611836}.Debug|Any CPU.ActiveCfg = Debug|Any CPU
		{AB373178-1EE4-4A23-946D-EEE96A611836}.Debug|Any CPU.Build.0 = Debug|Any CPU
		{AB373178-1EE4-4A23-946D-EEE96A611836}.Release|Any CPU.ActiveCfg = Release|Any CPU
		{AB373178-1EE4-4A23-946D-EEE96A611836}.Release|Any CPU.Build.0 = Release|Any CPU
	EndGlobalSection
	GlobalSection(SolutionProperties) = preSolution
		HideSolutionNode = FALSE
	EndGlobalSection
	GlobalSection(ExtensibilityGlobals) = postSolution
		SolutionGuid = {F68BD630-13CF-4558-99C1-1D20C3B411E7}
	EndGlobalSection
EndGlobal
